
Microsoft Visual Studio Solution File, Format Version 12.00
# Visual Studio Version 16
VisualStudioVersion = 16.0.29806.167
MinimumVisualStudioVersion = 10.0.40219.1
Project("{9A19103F-16F7-4668-BE54-9A1E7A4F7556}") = "FSharpGrpc", "FSharpGrpc\FSharpGrpc.csproj", "{D43EF7C0-7B5F-41EB-9379-E87CCA49595A}"
EndProject
Project("{6EC3EE1D-3C4E-46DD-8F32-0CC8E7565705}") = "EchoServer", "EchoServer\EchoServer.fsproj", "{D7FB777A-8FE9-428B-9174-2D08F0666049}"
EndProject
Project("{F2A71F9B-5D33-465A-A702-920D77279786}") = "EchoClient", "EchoClient\EchoClient.fsproj", "{3A70DFE6-FF4F-4A3E-886D-10846D427B40}"
EndProject
Global
	GlobalSection(SolutionConfigurationPlatforms) = preSolution
		Debug|Any CPU = Debug|Any CPU
		Release|Any CPU = Release|Any CPU
	EndGlobalSection
	GlobalSection(ProjectConfigurationPlatforms) = postSolution
		{D43EF7C0-7B5F-41EB-9379-E87CCA49595A}.Debug|Any CPU.ActiveCfg = Debug|Any CPU
		{D43EF7C0-7B5F-41EB-9379-E87CCA49595A}.Debug|Any CPU.Build.0 = Debug|Any CPU
		{D43EF7C0-7B5F-41EB-9379-E87CCA49595A}.Release|Any CPU.ActiveCfg = Release|Any CPU
		{D43EF7C0-7B5F-41EB-9379-E87CCA49595A}.Release|Any CPU.Build.0 = Release|Any CPU
		{D7FB777A-8FE9-428B-9174-2D08F0666049}.Debug|Any CPU.ActiveCfg = Debug|Any CPU
		{D7FB777A-8FE9-428B-9174-2D08F0666049}.Debug|Any CPU.Build.0 = Debug|Any CPU
		{D7FB777A-8FE9-428B-9174-2D08F0666049}.Release|Any CPU.ActiveCfg = Release|Any CPU
		{D7FB777A-8FE9-428B-9174-2D08F0666049}.Release|Any CPU.Build.0 = Release|Any CPU
		{3A70DFE6-FF4F-4A3E-886D-10846D427B40}.Debug|Any CPU.ActiveCfg = Debug|Any CPU
		{3A70DFE6-FF4F-4A3E-886D-10846D427B40}.Debug|Any CPU.Build.0 = Debug|Any CPU
		{3A70DFE6-FF4F-4A3E-886D-10846D427B40}.Release|Any CPU.ActiveCfg = Release|Any CPU
		{3A70DFE6-FF4F-4A3E-886D-10846D427B40}.Release|Any CPU.Build.0 = Release|Any CPU
	EndGlobalSection
	GlobalSection(SolutionProperties) = preSolution
		HideSolutionNode = FALSE
	EndGlobalSection
	GlobalSection(ExtensibilityGlobals) = postSolution
		SolutionGuid = {DB3C9ABF-18C1-4269-8759-98A9F784B419}
	EndGlobalSection
EndGlobal
